// !$*UTF8*$!
{
	archiveVersion = 1;
	classes = {
	};
	objectVersion = 46;
	objects = {

/* Begin PBXBuildFile section */
		F4A97AA91CB8A3E200C810A2 /* AppDelegate.swift in Sources */ = {isa = PBXBuildFile; fileRef = F4A97AA81CB8A3E200C810A2 /* AppDelegate.swift */; };
		F4A97AAB1CB8A3E200C810A2 /* ViewController.swift in Sources */ = {isa = PBXBuildFile; fileRef = F4A97AAA1CB8A3E200C810A2 /* ViewController.swift */; };
		F4A97AAE1CB8A3E200C810A2 /* Main.storyboard in Resources */ = {isa = PBXBuildFile; fileRef = F4A97AAC1CB8A3E200C810A2 /* Main.storyboard */; };
		F4A97AB01CB8A3E200C810A2 /* Assets.xcassets in Resources */ = {isa = PBXBuildFile; fileRef = F4A97AAF1CB8A3E200C810A2 /* Assets.xcassets */; };
		F4A97AB31CB8A3E200C810A2 /* LaunchScreen.storyboard in Resources */ = {isa = PBXBuildFile; fileRef = F4A97AB11CB8A3E200C810A2 /* LaunchScreen.storyboard */; };
/* End PBXBuildFile section */

/* Begin PBXFileReference section */
		F4A97AA51CB8A3E200C810A2 /* Multiples.app */ = {isa = PBXFileReference; explicitFileType = wrapper.application; includeInIndex = 0; path = Multiples.app; sourceTree = BUILT_PRODUCTS_DIR; };
		F4A97AA81CB8A3E200C810A2 /* AppDelegate.swift */ = {isa = PBXFileReference; lastKnownFileType = sourcecode.swift; path = AppDelegate.swift; sourceTree = "<group>"; };
		F4A97AAA1CB8A3E200C810A2 /* ViewController.swift */ = {isa = PBXFileReference; lastKnownFileType = sourcecode.swift; path = ViewController.swift; sourceTree = "<group>"; };
		F4A97AAD1CB8A3E200C810A2 /* Base */ = {isa = PBXFileReference; lastKnownFileType = file.storyboard; name = Base; path = Base.lproj/Main.storyboard; sourceTree = "<group>"; };
		F4A97AAF1CB8A3E200C810A2 /* Assets.xcassets */ = {isa = PBXFileReference; lastKnownFileType = folder.assetcatalog; path = Assets.xcassets; sourceTree = "<group>"; };
		F4A97AB21CB8A3E200C810A2 /* Base */ = {isa = PBXFileReference; lastKnownFileType = file.storyboard; name = Base; path = Base.lproj/LaunchScreen.storyboard; sourceTree = "<group>"; };
		F4A97AB41CB8A3E200C810A2 /* Info.plist */ = {isa = PBXFileReference; lastKnownFileType = text.plist.xml; path = Info.plist; sourceTree = "<group>"; };
/* End PBXFileReference section */

/* Begin PBXFrameworksBuildPhase section */
		F4A97AA21CB8A3E200C810A2 /* Frameworks */ = {
			isa = PBXFrameworksBuildPhase;
			buildActionMask = 2147483647;
			files = (
			);
			runOnlyForDeploymentPostprocessing = 0;
		};
/* End PBXFrameworksBuildPhase section */

/* Begin PBXGroup section */
		F4A97A9C1CB8A3E200C810A2 = {
			isa = PBXGroup;
			children = (
				F4A97AA71CB8A3E200C810A2 /* Multiples */,
				F4A97AA61CB8A3E200C810A2 /* Products */,
			);
			sourceTree = "<group>";
		};
		F4A97AA61CB8A3E200C810A2 /* Products */ = {
			isa = PBXGroup;
			children = (
				F4A97AA51CB8A3E200C810A2 /* Multiples.app */,
			);
			name = Products;
			sourceTree = "<group>";
		};
		F4A97AA71CB8A3E200C810A2 /* Multiples */ = {
			isa = PBXGroup;
			children = (
				F4A97AA81CB8A3E200C810A2 /* AppDelegate.swift */,
				F4A97AAA1CB8A3E200C810A2 /* ViewController.swift */,
				F4A97AAC1CB8A3E200C810A2 /* Main.storyboard */,
				F4A97AAF1CB8A3E200C810A2 /* Assets.xcassets */,
				F4A97AB11CB8A3E200C810A2 /* LaunchScreen.storyboard */,
				F4A97AB41CB8A3E200C810A2 /* Info.plist */,
			);
			path = Multiples;
			sourceTree = "<group>";
		};
/* End PBXGroup section */

/* Begin PBXNativeTarget section */
		F4A97AA41CB8A3E200C810A2 /* Multiples */ = {
			isa = PBXNativeTarget;
			buildConfigurationList = F4A97AB71CB8A3E200C810A2 /* Build configuration list for PBXNativeTarget "Multiples" */;
			buildPhases = (
				F4A97AA11CB8A3E200C810A2 /* Sources */,
				F4A97AA21CB8A3E200C810A2 /* Frameworks */,
				F4A97AA31CB8A3E200C810A2 /* Resources */,
			);
			buildRules = (
			);
			dependencies = (
			);
			name = Multiples;
			productName = Multiples;
			productReference = F4A97AA51CB8A3E200C810A2 /* Multiples.app */;
			productType = "com.apple.product-type.application";
		};
/* End PBXNativeTarget section */

/* Begin PBXProject section */
		F4A97A9D1CB8A3E200C810A2 /* Project object */ = {
			isa = PBXProject;
			attributes = {
				LastSwiftUpdateCheck = 0730;
				LastUpgradeCheck = 0730;
				ORGANIZATIONNAME = "Thomas Woodfield";
				TargetAttributes = {
					F4A97AA41CB8A3E200C810A2 = {
						CreatedOnToolsVersion = 7.3;
						DevelopmentTeam = 2K52RC5949;
					};
				};
			};
			buildConfigurationList = F4A97AA01CB8A3E200C810A2 /* Build configuration list for PBXProject "Multiples" */;
			compatibilityVersion = "Xcode 3.2";
			developmentRegion = English;
			hasScannedForEncodings = 0;
			knownRegions = (
				en,
				Base,
			);
			mainGroup = F4A97A9C1CB8A3E200C810A2;
			productRefGroup = F4A97AA61CB8A3E200C810A2 /* Products */;
			projectDirPath = "";
			projectRoot = "";
			targets = (
				F4A97AA41CB8A3E200C810A2 /* Multiples */,
			);
		};
/* End PBXProject section */

/* Begin PBXResourcesBuildPhase section */
		F4A97AA31CB8A3E200C810A2 /* Resources */ = {
			isa = PBXResourcesBuildPhase;
			buildActionMask = 2147483647;
			files = (
				F4A97AB31CB8A3E200C810A2 /* LaunchScreen.storyboard in Resources */,
				F4A97AB01CB8A3E200C810A2 /* Assets.xcassets in Resources */,
				F4A97AAE1CB8A3E200C810A2 /* Main.storyboard in Resources */,
			);
			runOnlyForDeploymentPostprocessing = 0;
		};
/* End PBXResourcesBuildPhase section */

/* Begin PBXSourcesBuildPhase section */
		F4A97AA11CB8A3E200C810A2 /* Sources */ = {
			isa = PBXSourcesBuildPhase;
			buildActionMask = 2147483647;
			files = (
				F4A97AAB1CB8A3E200C810A2 /* ViewController.swift in Sources */,
				F4A97AA91CB8A3E200C810A2 /* AppDelegate.swift in Sources */,
			);
			runOnlyForDeploymentPostprocessing = 0;
		};
/* End PBXSourcesBuildPhase section */

/* Begin PBXVariantGroup section */
		F4A97AAC1CB8A3E200C810A2 /* Main.storyboard */ = {
			isa = PBXVariantGroup;
			children = (
				F4A97AAD1CB8A3E200C810A2 /* Base */,
			);
			name = Main.storyboard;
			sourceTree = "<group>";
		};
		F4A97AB11CB8A3E200C810A2 /* LaunchScreen.storyboard */ = {
			isa = PBXVariantGroup;
			children = (
				F4A97AB21CB8A3E200C810A2 /* Base */,
			);
			name = LaunchScreen.storyboard;
			sourceTree = "<group>";
		};
/* End PBXVariantGroup section */

/* Begin XCBuildConfiguration section */
		F4A97AB51CB8A3E200C810A2 /* Debug */ = {
			isa = XCBuildConfiguration;
			buildSettings = {
				ALWAYS_SEARCH_USER_PATHS = NO;
				CLANG_CXX_LANGUAGE_STANDARD = "gnu++0x";
				CLANG_CXX_LIBRARY = "libc++";
				CLANG_ENABLE_MODULES = YES;
				CLANG_ENABLE_OBJC_ARC = YES;
				CLANG_WARN_BOOL_CONVERSION = YES;
				CLANG_WARN_CONSTANT_CONVERSION = YES;
				CLANG_WARN_DIRECT_OBJC_ISA_USAGE = YES_ERROR;
				CLANG_WARN_EMPTY_BODY = YES;
				CLANG_WARN_ENUM_CONVERSION = YES;
				CLANG_WARN_INT_CONVERSION = YES;
				CLANG_WARN_OBJC_ROOT_CLASS = YES_ERROR;
				CLANG_WARN_UNREACHABLE_CODE = YES;
				CLANG_WARN__DUPLICATE_METHOD_MATCH = YES;
				"CODE_SIGN_IDENTITY[sdk=iphoneos*]" = "iPhone Developer";
				COPY_PHASE_STRIP = NO;
				DEBUG_INFORMATION_FORMAT = dwarf;
				ENABLE_STRICT_OBJC_MSGSEND = YES;
				ENABLE_TESTABILITY = YES;
				GCC_C_LANGUAGE_STANDARD = gnu99;
				GCC_DYNAMIC_NO_PIC = NO;
				GCC_NO_COMMON_BLOCKS = YES;
				GCC_OPTIMIZATION_LEVEL = 0;
				GCC_PREPROCESSOR_DEFINITIONS = (
					"DEBUG=1",
					"$(inherited)",
				);
				GCC_WARN_64_TO_32_BIT_CONVERSION = YES;
				GCC_WARN_ABOUT_RETURN_TYPE = YES_ERROR;
				GCC_WARN_UNDECLARED_SELECTOR = YES;
				GCC_WARN_UNINITIALIZED_AUTOS = YES_AGGRESSIVE;
				GCC_WARN_UNUSED_FUNCTION = YES;
				GCC_WARN_UNUSED_VARIABLE = YES;
				IPHONEOS_DEPLOYMENT_TARGET = 9.3;
				MTL_ENABLE_DEBUG_INFO = YES;
				ONLY_ACTIVE_ARCH = YES;
				SDKROOT = iphoneos;
				SWIFT_OPTIMIZATION_LEVEL = "-Onone";
			};
			name = Debug;
		};
		F4A97AB61CB8A3E200C810A2 /* Release */ = {
			isa = XCBuildConfiguration;
			buildSettings = {
				ALWAYS_SEARCH_USER_PATHS = NO;
				CLANG_CXX_LANGUAGE_STANDARD = "gnu++0x";
				CLANG_CXX_LIBRARY = "libc++";
				CLANG_ENABLE_MODULES = YES;
				CLANG_ENABLE_OBJC_ARC = YES;
				CLANG_WARN_BOOL_CONVERSION = YES;
				CLANG_WARN_CONSTANT_CONVERSION = YES;
				CLANG_WARN_DIRECT_OBJC_ISA_USAGE = YES_ERROR;
				CLANG_WARN_EMPTY_BODY = YES;
				CLANG_WARN_ENUM_CONVERSION = YES;
				CLANG_WARN_INT_CONVERSION = YES;
				CLANG_WARN_OBJC_ROOT_CLASS = YES_ERROR;
				CLANG_WARN_UNREACHABLE_CODE = YES;
				CLANG_WARN__DUPLICATE_METHOD_MATCH = YES;
				"CODE_SIGN_IDENTITY[sdk=iphoneos*]" = "iPhone Developer";
				COPY_PHASE_STRIP = NO;
				DEBUG_INFORMATION_FORMAT = "dwarf-with-dsym";
				ENABLE_NS_ASSERTIONS = NO;
				ENABLE_STRICT_OBJC_MSGSEND = YES;
				GCC_C_LANGUAGE_STANDARD = gnu99;
				GCC_NO_COMMON_BLOCKS = YES;
				GCC_WARN_64_TO_32_BIT_CONVERSION = YES;
				GCC_WARN_ABOUT_RETURN_TYPE = YES_ERROR;
				GCC_WARN_UNDECLARED_SELECTOR = YES;
				GCC_WARN_UNINITIALIZED_AUTOS = YES_AGGRESSIVE;
				GCC_WARN_UNUSED_FUNCTION = YES;
				GCC_WARN_UNUSED_VARIABLE = YES;
				IPHONEOS_DEPLOYMENT_TARGET = 9.3;
				MTL_ENABLE_DEBUG_INFO = NO;
				SDKROOT = iphoneos;
				VALIDATE_PRODUCT = YES;
			};
			name = Release;
		};
		F4A97AB81CB8A3E200C810A2 /* Debug */ = {
			isa = XCBuildConfiguration;
			buildSettings = {
				ASSETCATALOG_COMPILER_APPICON_NAME = AppIcon;
				INFOPLIST_FILE = Multiples/Info.plist;
				LD_RUNPATH_SEARCH_PATHS = "$(inherited) @executable_path/Frameworks";
				PRODUCT_BUNDLE_IDENTIFIER = "com.Thomas-Woodfield.Multiples";
				PRODUCT_NAME = "$(TARGET_NAME)";
			};
			name = Debug;
		};
		F4A97AB91CB8A3E200C810A2 /* Release */ = {
			isa = XCBuildConfiguration;
			buildSettings = {
				ASSETCATALOG_COMPILER_APPICON_NAME = AppIcon;
				INFOPLIST_FILE = Multiples/Info.plist;
				LD_RUNPATH_SEARCH_PATHS = "$(inherited) @executable_path/Frameworks";
				PRODUCT_BUNDLE_IDENTIFIER = "com.Thomas-Woodfield.Multiples";
				PRODUCT_NAME = "$(TARGET_NAME)";
			};
			name = Release;
		};
/* End XCBuildConfiguration section */

/* Begin XCConfigurationList section */
		F4A97AA01CB8A3E200C810A2 /* Build configuration list for PBXProject "Multiples" */ = {
			isa = XCConfigurationList;
			buildConfigurations = (
				F4A97AB51CB8A3E200C810A2 /* Debug */,
				F4A97AB61CB8A3E200C810A2 /* Release */,
			);
			defaultConfigurationIsVisible = 0;
			defaultConfigurationName = Release;
		};
		F4A97AB71CB8A3E200C810A2 /* Build configuration list for PBXNativeTarget "Multiples" */ = {
			isa = XCConfigurationList;
			buildConfigurations = (
				F4A97AB81CB8A3E200C810A2 /* Debug */,
				F4A97AB91CB8A3E200C810A2 /* Release */,
			);
			defaultConfigurationIsVisible = 0;
		};
/* End XCConfigurationList section */
	};
	rootObject = F4A97A9D1CB8A3E200C810A2 /* Project object */;
}
